
Microsoft Visual Studio Solution File, Format Version 12.00
# Visual Studio Version 16
VisualStudioVersion = 16.0.30320.27
MinimumVisualStudioVersion = 10.0.40219.1
Project("{9A19103F-16F7-4668-BE54-9A1E7A4F7556}") = "eShop.WebApp", "eShop.WebApp\eShop.WebApp.csproj", "{64D4DFDF-F7CB-49FC-A45C-7E35B8D8C09E}"
EndProject
Project("{2150E333-8FDC-42A3-9474-1A3956D46DE8}") = "Solution Items", "Solution Items", "{CC724FB1-F3AA-4878-87DB-E8EC2E03A860}"
	ProjectSection(SolutionItems) = preProject
		README.md = README.md
	EndProjectSection
EndProject
Project("{9A19103F-16F7-4668-BE54-9A1E7A4F7556}") = "eShop.Data", "eShop.Data\eShop.Data.csproj", "{497B9550-A07D-4296-94C4-8AF68F06E205}"
EndProject
Project("{9A19103F-16F7-4668-BE54-9A1E7A4F7556}") = "eShop.Application", "eShop.Application\eShop.Application.csproj", "{C8F8941F-E90B-4165-813E-CC69FDEB9958}"
EndProject
Project("{FAE04EC0-301F-11D3-BF4B-00C04F79EFBC}") = "eShop.Utilities", "eShop.Utilities\eShop.Utilities.csproj", "{4CB8B431-75FA-40F3-B3EE-7502806B66DA}"
EndProject
Global
	GlobalSection(SolutionConfigurationPlatforms) = preSolution
		Debug|Any CPU = Debug|Any CPU
		Release|Any CPU = Release|Any CPU
	EndGlobalSection
	GlobalSection(ProjectConfigurationPlatforms) = postSolution
		{64D4DFDF-F7CB-49FC-A45C-7E35B8D8C09E}.Debug|Any CPU.ActiveCfg = Debug|Any CPU
		{64D4DFDF-F7CB-49FC-A45C-7E35B8D8C09E}.Debug|Any CPU.Build.0 = Debug|Any CPU
		{64D4DFDF-F7CB-49FC-A45C-7E35B8D8C09E}.Release|Any CPU.ActiveCfg = Release|Any CPU
		{64D4DFDF-F7CB-49FC-A45C-7E35B8D8C09E}.Release|Any CPU.Build.0 = Release|Any CPU
		{497B9550-A07D-4296-94C4-8AF68F06E205}.Debug|Any CPU.ActiveCfg = Debug|Any CPU
		{497B9550-A07D-4296-94C4-8AF68F06E205}.Debug|Any CPU.Build.0 = Debug|Any CPU
		{497B9550-A07D-4296-94C4-8AF68F06E205}.Release|Any CPU.ActiveCfg = Release|Any CPU
		{497B9550-A07D-4296-94C4-8AF68F06E205}.Release|Any CPU.Build.0 = Release|Any CPU
		{C8F8941F-E90B-4165-813E-CC69FDEB9958}.Debug|Any CPU.ActiveCfg = Debug|Any CPU
		{C8F8941F-E90B-4165-813E-CC69FDEB9958}.Debug|Any CPU.Build.0 = Debug|Any CPU
		{C8F8941F-E90B-4165-813E-CC69FDEB9958}.Release|Any CPU.ActiveCfg = Release|Any CPU
		{C8F8941F-E90B-4165-813E-CC69FDEB9958}.Release|Any CPU.Build.0 = Release|Any CPU
		{4CB8B431-75FA-40F3-B3EE-7502806B66DA}.Debug|Any CPU.ActiveCfg = Debug|Any CPU
		{4CB8B431-75FA-40F3-B3EE-7502806B66DA}.Debug|Any CPU.Build.0 = Debug|Any CPU
		{4CB8B431-75FA-40F3-B3EE-7502806B66DA}.Release|Any CPU.ActiveCfg = Release|Any CPU
		{4CB8B431-75FA-40F3-B3EE-7502806B66DA}.Release|Any CPU.Build.0 = Release|Any CPU
	EndGlobalSection
	GlobalSection(SolutionProperties) = preSolution
		HideSolutionNode = FALSE
	EndGlobalSection
	GlobalSection(ExtensibilityGlobals) = postSolution
		SolutionGuid = {D17731D9-298F-40FB-8D33-B6A26EAF0323}
	EndGlobalSection
EndGlobal
